<?xml version="1.0" encoding="utf-8"?>
<Project ToolsVersion="4.0" xmlns="http://schemas.microsoft.com/developer/msbuild/2003">
  <ItemGroup>
    <Filter Include="imgui">
      <UniqueIdentifier>{4c0bfc0a-ee81-46dc-864f-dd30cc12b875}</UniqueIdentifier>
    </Filter>
    <Filter Include="ZuizuiEngine">
      <UniqueIdentifier>{22038478-f607-4631-b7af-e387425c5ef8}</UniqueIdentifier>
    </Filter>
    <Filter Include="ZuizuiEngine\Audio">
      <UniqueIdentifier>{424c89a8-e40a-4b14-a3e5-c825d10f8218}</UniqueIdentifier>
    </Filter>
    <Filter Include="ZuizuiEngine\Base">
      <UniqueIdentifier>{be79bf87-b573-4589-9356-e48da47de0ea}</UniqueIdentifier>
    </Filter>
    <Filter Include="ZuizuiEngine\Input">
      <UniqueIdentifier>{daadc930-c78d-4f15-be34-435bfcd4db02}</UniqueIdentifier>
    </Filter>
    <Filter Include="ZuizuiEngine\Graphics">
      <UniqueIdentifier>{292b6c72-68a2-4c12-8b1a-5f7aee395c88}</UniqueIdentifier>
    </Filter>
    <Filter Include="ZuizuiEngine\Math">
      <UniqueIdentifier>{0e74dcb7-9a98-4558-895e-bedadcb2a2a9}</UniqueIdentifier>
    </Filter>
    <Filter Include="ZuizuiEngine\Math\Matrix">
      <UniqueIdentifier>{5c144e09-5db2-4cdf-97f3-e437ac7712f2}</UniqueIdentifier>
    </Filter>
    <Filter Include="ZuizuiEngine\Math\Function">
      <UniqueIdentifier>{4959273c-86a5-4753-87b0-d98cfa2e7c5d}</UniqueIdentifier>
    </Filter>
    <Filter Include="ZuizuiEngine\Base\Log">
      <UniqueIdentifier>{871d54cb-9a43-4c3c-bed5-973143158172}</UniqueIdentifier>
    </Filter>
    <Filter Include="ZuizuiEngine\Base\DxCommon">
      <UniqueIdentifier>{9c71b97b-87eb-41d2-b717-b2ddbb247c75}</UniqueIdentifier>
    </Filter>
    <Filter Include="ZuizuiEngine\Base\WindowApp">
      <UniqueIdentifier>{e99f0c3a-14bb-4e56-893c-e7c754873fdb}</UniqueIdentifier>
    </Filter>
    <Filter Include="ZuizuiEngine\Graphics\Objects">
      <UniqueIdentifier>{4390b32a-132e-4941-b779-51f95afb5a41}</UniqueIdentifier>
    </Filter>
    <Filter Include="ZuizuiEngine\Graphics\Actor">
      <UniqueIdentifier>{013305d4-b115-42f9-bce9-91a01fe7a255}</UniqueIdentifier>
    </Filter>
    <Filter Include="ZuizuiEngine\Graphics\PSO">
      <UniqueIdentifier>{f672404e-5df9-40ae-a36b-4f17c246ebd2}</UniqueIdentifier>
    </Filter>
    <Filter Include="ZuizuiEngine\Graphics\Texture">
      <UniqueIdentifier>{6b47e75e-ccc2-4feb-9396-3df3ccb11362}</UniqueIdentifier>
    </Filter>
    <Filter Include="ZuizuiEngine\Graphics\Actor\Camera">
      <UniqueIdentifier>{b441ddad-4a3f-4efb-9235-3bebca56b012}</UniqueIdentifier>
    </Filter>
    <Filter Include="ZuizuiEngine\Graphics\Actor\Light">
      <UniqueIdentifier>{b542530a-ee71-49f2-a593-2559d71d7591}</UniqueIdentifier>
    </Filter>
    <Filter Include="ZuizuiEngine\Graphics\Actor\Light\DirectionalLight">
      <UniqueIdentifier>{88b6af37-f98e-4561-bed0-5dfb432e62c3}</UniqueIdentifier>
    </Filter>
    <Filter Include="ZuizuiEngine\Graphics\Actor\Camera\DebugCamera">
      <UniqueIdentifier>{9f1d541f-a88a-4c36-87e3-4af3f4d73575}</UniqueIdentifier>
    </Filter>
    <Filter Include="ZuizuiEngine\Graphics\Objects\2d">
      <UniqueIdentifier>{e4bd57b6-78f4-4e30-839f-09a0b73e34c0}</UniqueIdentifier>
    </Filter>
    <Filter Include="ZuizuiEngine\Graphics\Objects\3d">
      <UniqueIdentifier>{7777c0df-6a27-4ec2-b28a-b51b60263b06}</UniqueIdentifier>
    </Filter>
    <Filter Include="ZuizuiEngine\Graphics\Objects\2d\Sprite">
      <UniqueIdentifier>{82b55cbd-df32-46b3-b789-066f3e021cd0}</UniqueIdentifier>
    </Filter>
    <Filter Include="ZuizuiEngine\Graphics\Objects\3d\Model">
      <UniqueIdentifier>{053f022e-697e-4aa1-b0b0-628759287c7f}</UniqueIdentifier>
    </Filter>
    <Filter Include="ZuizuiEngine\Graphics\Objects\3d\Triangle">
      <UniqueIdentifier>{6bb0e9a5-01f7-467f-9cd4-9ea9e953c7e9}</UniqueIdentifier>
    </Filter>
    <Filter Include="ZuizuiEngine\Graphics\Objects\3d\Sphere">
      <UniqueIdentifier>{fc8f1be8-8fe8-421b-8057-40742177ff3a}</UniqueIdentifier>
    </Filter>
    <Filter Include="ZuizuiEngine\Graphics\PSO\BlendStateBuilder">
      <UniqueIdentifier>{67340324-8d21-4620-b804-89d0e06af82c}</UniqueIdentifier>
    </Filter>
    <Filter Include="ZuizuiEngine\Graphics\PSO\DepthStencilStateBuilder">
      <UniqueIdentifier>{af494813-8ca3-4809-bc4b-03151da6164f}</UniqueIdentifier>
    </Filter>
    <Filter Include="ZuizuiEngine\Graphics\PSO\InputLayoutBuilder">
      <UniqueIdentifier>{a524df2c-a7f9-4f4d-b1e4-2b6950bb2a48}</UniqueIdentifier>
    </Filter>
    <Filter Include="ZuizuiEngine\Graphics\PSO\PSOManager">
      <UniqueIdentifier>{9a7e4cd3-573d-4c21-a9f7-f040342d0940}</UniqueIdentifier>
    </Filter>
    <Filter Include="ZuizuiEngine\Graphics\PSO\RasterizerStateBuilder">
      <UniqueIdentifier>{7a7f6e63-81de-452e-84bc-6139890f1908}</UniqueIdentifier>
    </Filter>
    <Filter Include="ZuizuiEngine\Graphics\PSO\PSOPreset">
      <UniqueIdentifier>{b0d3b745-e0a8-4d33-b817-16e9efa5d5b9}</UniqueIdentifier>
    </Filter>
    <Filter Include="ZuizuiEngine\Graphics\PSO\RootSignatureBuilder">
      <UniqueIdentifier>{940620de-79a0-4391-b378-50ba4afc963b}</UniqueIdentifier>
    </Filter>
    <Filter Include="ZuizuiEngine\Graphics\PSO\ShaderProgram">
      <UniqueIdentifier>{87c05715-6039-4384-9398-8b1f2db2c51b}</UniqueIdentifier>
    </Filter>
    <Filter Include="imgui\ImguiManager">
      <UniqueIdentifier>{0515ed2f-4455-42ec-9ce9-8306fc374599}</UniqueIdentifier>
    </Filter>
    <Filter Include="Shader">
      <UniqueIdentifier>{d68df63b-3203-4840-9a86-b3920d4b468d}</UniqueIdentifier>
    </Filter>
  </ItemGroup>
  <ItemGroup>
    <ClCompile Include="externals\imgui\imgui.cpp">
      <Filter>imgui</Filter>
    </ClCompile>
    <ClCompile Include="externals\imgui\imgui_demo.cpp">
      <Filter>imgui</Filter>
    </ClCompile>
    <ClCompile Include="externals\imgui\imgui_draw.cpp">
      <Filter>imgui</Filter>
    </ClCompile>
    <ClCompile Include="externals\imgui\imgui_tables.cpp">
      <Filter>imgui</Filter>
    </ClCompile>
    <ClCompile Include="externals\imgui\imgui_widgets.cpp">
      <Filter>imgui</Filter>
    </ClCompile>
    <ClCompile Include="externals\imgui\imgui_impl_dx12.cpp">
      <Filter>imgui</Filter>
    </ClCompile>
    <ClCompile Include="externals\imgui\imgui_impl_win32.cpp">
      <Filter>imgui</Filter>
    </ClCompile>
    <ClCompile Include="ZuizuiEngine\Zuizui.cpp">
      <Filter>ZuizuiEngine</Filter>
    </ClCompile>
    <ClCompile Include="ZuizuiEngine\Math\Function\Function.cpp">
      <Filter>ZuizuiEngine\Math\Function</Filter>
    </ClCompile>
    <ClCompile Include="ZuizuiEngine\Math\Matrix\Matrix.cpp">
      <Filter>ZuizuiEngine\Math\Matrix</Filter>
    </ClCompile>
    <ClCompile Include="ZuizuiEngine\Audio\Audio.cpp">
      <Filter>ZuizuiEngine\Audio</Filter>
    </ClCompile>
    <ClCompile Include="ZuizuiEngine\Input\Input.cpp">
      <Filter>ZuizuiEngine\Input</Filter>
    </ClCompile>
    <ClCompile Include="ZuizuiEngine\Base\DxCommon\DxCommon.cpp">
      <Filter>ZuizuiEngine\Base\DxCommon</Filter>
    </ClCompile>
    <ClCompile Include="ZuizuiEngine\Base\Log\Log.cpp">
      <Filter>ZuizuiEngine\Base\Log</Filter>
    </ClCompile>
    <ClCompile Include="ZuizuiEngine\Base\WindowApp\WindowApp.cpp">
      <Filter>ZuizuiEngine\Base\WindowApp</Filter>
    </ClCompile>
    <ClCompile Include="ZuizuiEngine\Graphics\Actor\Light\DirectionalLight\DirectionalLight.cpp">
      <Filter>ZuizuiEngine\Graphics\Actor\Light\DirectionalLight</Filter>
    </ClCompile>
    <ClCompile Include="ZuizuiEngine\Graphics\Actor\Camera\DebugCamera\DebugCamera.cpp">
      <Filter>ZuizuiEngine\Graphics\Actor\Camera\DebugCamera</Filter>
    </ClCompile>
    <ClCompile Include="ZuizuiEngine\Graphics\Actor\Camera\Camera.cpp">
      <Filter>ZuizuiEngine\Graphics\Actor\Camera</Filter>
    </ClCompile>
    <ClCompile Include="ZuizuiEngine\Graphics\Texture\Texture.cpp">
      <Filter>ZuizuiEngine\Graphics\Texture</Filter>
    </ClCompile>
    <ClCompile Include="ZuizuiEngine\Graphics\Texture\TextureManager.cpp">
      <Filter>ZuizuiEngine\Graphics\Texture</Filter>
    </ClCompile>
    <ClCompile Include="ZuizuiEngine\Graphics\Objects\2d\Sprite\SpriteObject.cpp">
      <Filter>ZuizuiEngine\Graphics\Objects\2d\Sprite</Filter>
    </ClCompile>
    <ClCompile Include="ZuizuiEngine\Graphics\Objects\3d\Object3D.cpp">
      <Filter>ZuizuiEngine\Graphics\Objects\3d</Filter>
    </ClCompile>
    <ClCompile Include="ZuizuiEngine\Graphics\Objects\3d\Model\ModelManager.cpp">
      <Filter>ZuizuiEngine\Graphics\Objects\3d\Model</Filter>
    </ClCompile>
    <ClCompile Include="ZuizuiEngine\Graphics\Objects\3d\Model\ModelObject.cpp">
      <Filter>ZuizuiEngine\Graphics\Objects\3d\Model</Filter>
    </ClCompile>
    <ClCompile Include="ZuizuiEngine\Graphics\Objects\3d\Sphere\SphereObject.cpp">
      <Filter>ZuizuiEngine\Graphics\Objects\3d\Sphere</Filter>
    </ClCompile>
    <ClCompile Include="ZuizuiEngine\Graphics\Objects\3d\Triangle\TriangleObject.cpp">
      <Filter>ZuizuiEngine\Graphics\Objects\3d\Triangle</Filter>
    </ClCompile>
    <ClCompile Include="ZuizuiEngine\Graphics\PSO\BlendStateBuilder\BlendStateBuilder.cpp">
      <Filter>ZuizuiEngine\Graphics\PSO\BlendStateBuilder</Filter>
    </ClCompile>
    <ClCompile Include="ZuizuiEngine\Graphics\PSO\DepthStencilStateBuilder\DepthStencilStateBuilder.cpp">
      <Filter>ZuizuiEngine\Graphics\PSO\DepthStencilStateBuilder</Filter>
    </ClCompile>
    <ClCompile Include="ZuizuiEngine\Graphics\PSO\InputLayoutBuilder\InputLayoutBuilder.cpp">
      <Filter>ZuizuiEngine\Graphics\PSO\InputLayoutBuilder</Filter>
    </ClCompile>
    <ClCompile Include="ZuizuiEngine\Graphics\PSO\PSOManager\PSOManager.cpp">
      <Filter>ZuizuiEngine\Graphics\PSO\PSOManager</Filter>
    </ClCompile>
    <ClCompile Include="ZuizuiEngine\Graphics\PSO\PSOPreset\PSOPreset.cpp">
      <Filter>ZuizuiEngine\Graphics\PSO\PSOPreset</Filter>
    </ClCompile>
    <ClCompile Include="ZuizuiEngine\Graphics\PSO\RasterizerStateBuilder\RasterizerStateBuilder.cpp">
      <Filter>ZuizuiEngine\Graphics\PSO\RasterizerStateBuilder</Filter>
    </ClCompile>
    <ClCompile Include="ZuizuiEngine\Graphics\PSO\RootSignatureBuilder\RootSignatureBuilder.cpp">
      <Filter>ZuizuiEngine\Graphics\PSO\RootSignatureBuilder</Filter>
    </ClCompile>
    <ClCompile Include="ZuizuiEngine\Graphics\PSO\ShaderProgram\ShaderProgram.cpp">
      <Filter>ZuizuiEngine\Graphics\PSO\ShaderProgram</Filter>
    </ClCompile>
    <ClCompile Include="externals\imgui\ImguiManager\ImguiManager.cpp">
      <Filter>imgui\ImguiManager</Filter>
    </ClCompile>
    <ClCompile Include="main.cpp" />
    <ClCompile Include="ZuizuiEngine\Graphics\Objects\3d\Particle\ParticleManager.cpp" />
    <ClCompile Include="ZuizuiEngine\Math\Collision\Collision.cpp" />
    <ClCompile Include="App\Scene\PlayScene\PlayScene.cpp" />
    <ClCompile Include="App\Scene\SceneManager.cpp" />
    <ClCompile Include="App\Scene\TitleScene\TitleScene.cpp" />
    <ClCompile Include="App\Skydome\Skydome.cpp" />
  </ItemGroup>
  <ItemGroup>
    <FxCompile Include="resources\Shader\Object3d\Object3d.VS.hlsl">
      <Filter>Shader</Filter>
    </FxCompile>
    <FxCompile Include="resources\Shader\Object3d\Object3d.PS.hlsl">
      <Filter>Shader</Filter>
    </FxCompile>
    <FxCompile Include="resources\Shader\Particle\Particle.VS.hlsl" />
    <FxCompile Include="resources\Shader\Particle\Particle.PS.hlsl" />
  </ItemGroup>
  <ItemGroup>
    <ClInclude Include="externals\imgui\imconfig.h">
      <Filter>imgui</Filter>
    </ClInclude>
    <ClInclude Include="externals\imgui\imgui.h">
      <Filter>imgui</Filter>
    </ClInclude>
    <ClInclude Include="externals\imgui\imgui_internal.h">
      <Filter>imgui</Filter>
    </ClInclude>
    <ClInclude Include="externals\imgui\imstb_rectpack.h">
      <Filter>imgui</Filter>
    </ClInclude>
    <ClInclude Include="externals\imgui\imstb_textedit.h">
      <Filter>imgui</Filter>
    </ClInclude>
    <ClInclude Include="externals\imgui\imstb_truetype.h">
      <Filter>imgui</Filter>
    </ClInclude>
    <ClInclude Include="externals\imgui\imgui_impl_dx12.h">
      <Filter>imgui</Filter>
    </ClInclude>
    <ClInclude Include="externals\imgui\imgui_impl_win32.h">
      <Filter>imgui</Filter>
    </ClInclude>
    <ClInclude Include="ZuizuiEngine\Zuizui.h">
      <Filter>ZuizuiEngine</Filter>
    </ClInclude>
    <ClInclude Include="ZuizuiEngine\Math\Matrix\Matrix.h">
      <Filter>ZuizuiEngine\Math\Matrix</Filter>
    </ClInclude>
    <ClInclude Include="ZuizuiEngine\Math\Struct.h">
      <Filter>ZuizuiEngine\Math</Filter>
    </ClInclude>
    <ClInclude Include="ZuizuiEngine\Math\Function\Function.h">
      <Filter>ZuizuiEngine\Math\Function</Filter>
    </ClInclude>
    <ClInclude Include="ZuizuiEngine\Audio\Audio.h">
      <Filter>ZuizuiEngine\Audio</Filter>
    </ClInclude>
    <ClInclude Include="ZuizuiEngine\Input\Input.h">
      <Filter>ZuizuiEngine\Input</Filter>
    </ClInclude>
    <ClInclude Include="ZuizuiEngine\Base\DxCommon\DxCommon.h">
      <Filter>ZuizuiEngine\Base\DxCommon</Filter>
    </ClInclude>
    <ClInclude Include="ZuizuiEngine\Base\Log\Log.h">
      <Filter>ZuizuiEngine\Base\Log</Filter>
    </ClInclude>
    <ClInclude Include="ZuizuiEngine\Base\WindowApp\WindowApp.h">
      <Filter>ZuizuiEngine\Base\WindowApp</Filter>
    </ClInclude>
    <ClInclude Include="ZuizuiEngine\Graphics\Actor\Light\DirectionalLight\DirectionalLight.h">
      <Filter>ZuizuiEngine\Graphics\Actor\Light\DirectionalLight</Filter>
    </ClInclude>
    <ClInclude Include="ZuizuiEngine\Graphics\Actor\Camera\Camera.h">
      <Filter>ZuizuiEngine\Graphics\Actor\Camera</Filter>
    </ClInclude>
    <ClInclude Include="ZuizuiEngine\Graphics\Actor\Camera\DebugCamera\DebugCamera.h">
      <Filter>ZuizuiEngine\Graphics\Actor\Camera\DebugCamera</Filter>
    </ClInclude>
    <ClInclude Include="ZuizuiEngine\Graphics\Texture\Texture.h">
      <Filter>ZuizuiEngine\Graphics\Texture</Filter>
    </ClInclude>
    <ClInclude Include="ZuizuiEngine\Graphics\Texture\TextureManager.h">
      <Filter>ZuizuiEngine\Graphics\Texture</Filter>
    </ClInclude>
    <ClInclude Include="ZuizuiEngine\Graphics\Objects\2d\Sprite\SpriteObject.h">
      <Filter>ZuizuiEngine\Graphics\Objects\2d\Sprite</Filter>
    </ClInclude>
    <ClInclude Include="ZuizuiEngine\Graphics\Objects\3d\Model\ModelManager.h">
      <Filter>ZuizuiEngine\Graphics\Objects\3d\Model</Filter>
    </ClInclude>
    <ClInclude Include="ZuizuiEngine\Graphics\Objects\3d\Model\ModelObject.h">
      <Filter>ZuizuiEngine\Graphics\Objects\3d\Model</Filter>
    </ClInclude>
    <ClInclude Include="ZuizuiEngine\Graphics\Objects\3d\Sphere\SphereObject.h">
      <Filter>ZuizuiEngine\Graphics\Objects\3d\Sphere</Filter>
    </ClInclude>
    <ClInclude Include="ZuizuiEngine\Graphics\Objects\3d\Triangle\TriangleObject.h">
      <Filter>ZuizuiEngine\Graphics\Objects\3d\Triangle</Filter>
    </ClInclude>
    <ClInclude Include="ZuizuiEngine\Graphics\Objects\3d\Object3D.h">
      <Filter>ZuizuiEngine\Graphics\Objects\3d</Filter>
    </ClInclude>
    <ClInclude Include="ZuizuiEngine\Graphics\PSO\BlendStateBuilder\BlendStateBuilder.h">
      <Filter>ZuizuiEngine\Graphics\PSO\BlendStateBuilder</Filter>
    </ClInclude>
    <ClInclude Include="ZuizuiEngine\Graphics\PSO\DepthStencilStateBuilder\DepthStencilStateBuilder.h">
      <Filter>ZuizuiEngine\Graphics\PSO\DepthStencilStateBuilder</Filter>
    </ClInclude>
    <ClInclude Include="ZuizuiEngine\Graphics\PSO\InputLayoutBuilder\InputLayoutBuilder.h">
      <Filter>ZuizuiEngine\Graphics\PSO\InputLayoutBuilder</Filter>
    </ClInclude>
    <ClInclude Include="ZuizuiEngine\Graphics\PSO\PSOManager\PSOManager.h">
      <Filter>ZuizuiEngine\Graphics\PSO\PSOManager</Filter>
    </ClInclude>
    <ClInclude Include="ZuizuiEngine\Graphics\PSO\PSOPreset\PSOPreset.h">
      <Filter>ZuizuiEngine\Graphics\PSO\PSOPreset</Filter>
    </ClInclude>
    <ClInclude Include="ZuizuiEngine\Graphics\PSO\RasterizerStateBuilder\RasterizerStateBuilder.h">
      <Filter>ZuizuiEngine\Graphics\PSO\RasterizerStateBuilder</Filter>
    </ClInclude>
    <ClInclude Include="ZuizuiEngine\Graphics\PSO\RootSignatureBuilder\RootSignatureBuilder.h">
      <Filter>ZuizuiEngine\Graphics\PSO\RootSignatureBuilder</Filter>
    </ClInclude>
    <ClInclude Include="ZuizuiEngine\Graphics\PSO\ShaderProgram\ShaderProgram.h">
      <Filter>ZuizuiEngine\Graphics\PSO\ShaderProgram</Filter>
    </ClInclude>
    <ClInclude Include="externals\imgui\ImguiManager\ImguiManager.h">
      <Filter>imgui\ImguiManager</Filter>
    </ClInclude>
    <ClInclude Include="ZuizuiEngine\Graphics\Objects\3d\Particle\ParticleManager.h" />
    <ClInclude Include="ZuizuiEngine\Math\Collision\Collision.h" />
    <ClInclude Include="App\Scene\Scene.h" />
    <ClInclude Include="App\Scene\PlayScene\PlayScene.h" />
    <ClInclude Include="App\Scene\SceneManager.h" />
    <ClInclude Include="App\Scene\TitleScene\TitleScene.h" />
    <ClInclude Include="App\Skydome\Skydome.h" />
  </ItemGroup>
  <ItemGroup>
    <Text Include="externals\imgui\LICENSE.txt">
      <Filter>imgui</Filter>
    </Text>
  </ItemGroup>
  <ItemGroup>
    <None Include="resources\Shader\Object3d\Object3d.hlsli">
      <Filter>Shader</Filter>
    </None>
    <None Include="resources\Shader\Particle\Particle.hlsli" />
  </ItemGroup>
</Project>