<?xml version="1.0" encoding="utf-8"?>
<Project ToolsVersion="4.0" xmlns="http://schemas.microsoft.com/developer/msbuild/2003">
  <ItemGroup>
    <FxCompile Include="resources\Shader\Object3d\Object3d.PS.hlsl" />
    <FxCompile Include="resources\Shader\Object3d\Object3d.VS.hlsl" />
    <FxCompile Include="resources\Shader\Particle\Particle.PS.hlsl" />
    <FxCompile Include="resources\Shader\Particle\Particle.VS.hlsl" />
  </ItemGroup>
  <ItemGroup>
    <ClCompile Include="App\App.cpp" />
    <ClCompile Include="App\Load\ResourceLoader.cpp" />
    <ClCompile Include="App\\Scene\\Debug\\DebugScene.cpp" />
    <ClCompile Include="App\\Scene\\Core\\SceneManager.cpp" />
    <ClCompile Include="App\\Scene\\Title\\TitleScene.cpp" />
    <ClCompile Include="App\\Scene\\Core\\SceneFactory.cpp" />
    <ClCompile Include="Engine\Base\Utils\DxUtils.cpp" />
    <ClCompile Include="Engine\Base\Utils\StringUtility.cpp" />
    <ClCompile Include="Engine\Base\Utils\DumpExporter.cpp" />
    <ClCompile Include="Engine\\Graphics\\Objects\\Camera\\Manager\CameraManager.cpp" />
    <ClCompile Include="Engine\\Graphics\\Objects\\Camera\\Base\BaseCamera.cpp" />
    <ClCompile Include="Engine\\Graphics\\Objects\\Light\\Manager\LightManager.cpp" />
    <ClCompile Include="Engine\\Graphics\\Objects\\Light\\Spot\SpotLight.cpp" />
    <ClCompile Include="Engine\\Graphics\\Objects\\Light\\Point\PointLight.cpp" />
    <ClCompile Include="Engine\Base\BaseResource.cpp" />
    <ClCompile Include="Engine\Graphics\Objects\3d\Model\ModelLoader.cpp" />
    <ClCompile Include="Engine\Graphics\PSO\Shader\ShaderCompiler.cpp" />
    <ClCompile Include="Engine\Math\Collision\Collision.cpp" />
    <ClCompile Include="main.cpp" />
    <ClCompile Include="Engine\Graphics\Objects\3d\Particle\ParticleObject.cpp" />
    <ClCompile Include="Engine\\Graphics\\PSO\\Manager\PSOManager.cpp" />
    <ClCompile Include="Engine\\Graphics\\PSO\\Preset\PSOPreset.cpp" />
    <ClCompile Include="Engine\\Graphics\\PSO\\DepthStencilState\DepthStencilStateBuilder.cpp" />
    <ClCompile Include="Engine\\Graphics\\PSO\\RasterizerState\RasterizerStateBuilder.cpp" />
    <ClCompile Include="Engine\\Graphics\\PSO\\BlendState\BlendStateBuilder.cpp" />
    <ClCompile Include="Engine\\Graphics\\PSO\\InputLayout\InputLayoutBuilder.cpp" />
    <ClCompile Include="Engine\\Graphics\\PSO\\RootSignature\RootSignatureBuilder.cpp" />
    <ClCompile Include="Engine\\Graphics\\Objects\\Light\\Directional\DirectionalLight.cpp" />
    <ClCompile Include="Engine\Audio\Audio.cpp" />
    <ClCompile Include="Engine\\Graphics\\Objects\\Camera\\Debug\DebugCamera.cpp" />
    <ClCompile Include="Engine\Base\DxCommon\DxCommon.cpp" />
    <ClCompile Include="externals\imgui\imgui.cpp" />
    <ClCompile Include="externals\imgui\imgui_demo.cpp" />
    <ClCompile Include="externals\imgui\imgui_draw.cpp" />
    <ClCompile Include="externals\imgui\imgui_impl_dx12.cpp" />
    <ClCompile Include="externals\imgui\imgui_impl_win32.cpp" />
    <ClCompile Include="externals\imgui\imgui_tables.cpp" />
    <ClCompile Include="externals\imgui\imgui_widgets.cpp" />
    <ClCompile Include="Engine\Input\Input.cpp" />
    <ClCompile Include="Engine\Base\Log\Log.cpp" />
    <ClCompile Include="externals\imgui\ImguiManager\ImguiManager.cpp" />
    <ClCompile Include="Engine\Math\Matrix\Matrix.cpp" />
    <ClCompile Include="Engine\Graphics\Objects\3d\Model\ModelObject.cpp" />
    <ClCompile Include="Engine\Graphics\Objects\3d\Object3D.cpp" />
    <ClCompile Include="Engine\Graphics\Objects\3d\Sphere\SphereObject.cpp" />
    <ClCompile Include="Engine\Graphics\Objects\2d\Sprite\SpriteObject.cpp" />
    <ClCompile Include="Engine\Graphics\Objects\3d\Triangle\TriangleObject.cpp" />
    <ClCompile Include="Engine\\Graphics\\PSO\\Shader\ShaderProgram.cpp" />
    <ClCompile Include="Engine\Base\WindowApp\WindowApp.cpp" />
    <ClCompile Include="Engine\Graphics\Objects\3d\Model\ModelManager.cpp" />
    <ClCompile Include="Engine\Graphics\Texture\Texture.cpp" />
    <ClCompile Include="Engine\Graphics\Texture\TextureManager.cpp" />
    <ClCompile Include="Engine\Zuizui.cpp" />
    <ClCompile Include="Engine\Graphics\Objects\3d\Skybox\Skybox.cpp" />
    <ClCompile Include="Engine\Graphics\Objects\3d\Square\SquareObject.cpp" />
    <ClCompile Include="Engine\Graphics\Objects\3d\Cube\CubeObject.cpp" />
  </ItemGroup>
  <ItemGroup>
    <ClInclude Include="App\App.h" />
    <ClInclude Include="App\Load\ResourceLoader.h" />
    <ClInclude Include="App\\Scene\\Core\\AbstractSceneFactory.h" />
    <ClInclude Include="App\\Scene\\Core\\IScene.h" />
    <ClInclude Include="App\\Scene\\Debug\\DebugScene.h" />
    <ClInclude Include="App\\Scene\\Core\\SceneManager.h" />
    <ClInclude Include="App\\Scene\\Title\\TitleScene.h" />
    <ClInclude Include="App\\Scene\\Core\\SceneFactory.h" />
    <ClInclude Include="Engine\Base\Utils\DxUtils.h" />
    <ClInclude Include="Engine\Base\Utils\StringUtility.h" />
    <ClInclude Include="Engine\Base\Utils\DumpExporter.h" />
    <ClInclude Include="Engine\\Graphics\\Objects\\Camera\\Manager\CameraManager.h" />
    <ClInclude Include="Engine\\Graphics\\Objects\\Camera\\Base\BaseCamera.h" />
    <ClInclude Include="Engine\\Graphics\\Objects\\Light\\Manager\LightManager.h" />
    <ClInclude Include="Engine\\Graphics\\Objects\\Light\\Spot\SpotLight.h" />
    <ClInclude Include="Engine\\Graphics\\Objects\\Light\\Point\PointLight.h" />
    <ClInclude Include="Engine\Base\BaseResource.h" />
    <ClInclude Include="Engine\Graphics\Objects\3d\Model\ModelLoader.h" />
    <ClInclude Include="Engine\Graphics\PSO\Shader\ShaderCompiler.h" />
    <ClInclude Include="Engine\Math\Collision\Collision.h" />
    <ClInclude Include="Engine\Graphics\Objects\3d\Particle\ParticleObject.h" />
    <ClInclude Include="Engine\\Graphics\\PSO\\Manager\PSOManager.h" />
    <ClInclude Include="Engine\\Graphics\\PSO\\Preset\PSOPreset.h" />
    <ClInclude Include="Engine\\Graphics\\PSO\\DepthStencilState\DepthStencilStateBuilder.h" />
    <ClInclude Include="Engine\\Graphics\\PSO\\RasterizerState\RasterizerStateBuilder.h" />
    <ClInclude Include="Engine\\Graphics\\PSO\\BlendState\BlendStateBuilder.h" />
    <ClInclude Include="Engine\\Graphics\\PSO\\InputLayout\InputLayoutBuilder.h" />
    <ClInclude Include="Engine\\Graphics\\PSO\\RootSignature\RootSignatureBuilder.h" />
    <ClInclude Include="Engine\\Graphics\\Objects\\Light\\Directional\DirectionalLight.h" />
    <ClInclude Include="Engine\Audio\Audio.h" />
    <ClInclude Include="Engine\\Graphics\\Objects\\Camera\\Debug\DebugCamera.h" />
    <ClInclude Include="Engine\Base\DxCommon\DxCommon.h" />
    <ClInclude Include="Engine\Audio\AudioStructs.h" />
    <ClInclude Include="Engine\Math\Collision\CollisionStructs.h" />
    <ClInclude Include="Engine\Math\MathStructs.h" />
    <ClInclude Include="Engine\Graphics\RenderStructs.h" />
    <ClInclude Include="externals\imgui\imconfig.h" />
    <ClInclude Include="externals\imgui\imgui.h" />
    <ClInclude Include="externals\imgui\imgui_impl_dx12.h" />
    <ClInclude Include="externals\imgui\imgui_impl_win32.h" />
    <ClInclude Include="externals\imgui\imgui_internal.h" />
    <ClInclude Include="externals\imgui\imstb_rectpack.h" />
    <ClInclude Include="externals\imgui\imstb_textedit.h" />
    <ClInclude Include="externals\imgui\imstb_truetype.h" />
    <ClInclude Include="Engine\Input\Input.h" />
    <ClInclude Include="Engine\Math\Matrix\Matrix.h" />
    <ClInclude Include="Engine\Graphics\Objects\3d\Model\ModelObject.h" />
    <ClInclude Include="Engine\Graphics\Objects\3d\Object3D.h" />
    <ClInclude Include="Engine\Graphics\Objects\3d\Sphere\SphereObject.h" />
    <ClInclude Include="Engine\Graphics\Objects\2d\Sprite\SpriteObject.h" />
    <ClInclude Include="Engine\\Graphics\\PSO\\Shader\ShaderProgram.h" />
    <ClInclude Include="Engine\Base\Utils\D3DResourceLeakChecker.h" />
    <ClInclude Include="Engine\Graphics\Objects\3d\Triangle\TriangleObject.h" />
    <ClInclude Include="Engine\Base\WindowApp\WindowApp.h" />
    <ClInclude Include="Engine\Graphics\Objects\3d\Model\ModelManager.h" />
    <ClInclude Include="Engine\Graphics\Texture\Texture.h" />
    <ClInclude Include="Engine\Graphics\Texture\TextureManager.h" />
    <ClInclude Include="Engine\Base\Log\Log.h" />
    <ClInclude Include="externals\imgui\ImguiManager\ImguiManager.h" />
    <ClInclude Include="Engine\Zuizui.h" />
    <ClInclude Include="Engine\Graphics\Objects\3d\Skybox\Skybox.h" />
    <ClInclude Include="Engine\Graphics\Objects\3d\Square\SquareObject.h" />
    <ClInclude Include="Engine\Graphics\Objects\3d\Cube\CubeObject.h" />
  </ItemGroup>
  <ItemGroup>
    <None Include="resources\Shader\Object3d\Object3d.hlsli" />
    <None Include="resources\Shader\Particle\Particle.hlsli" />
  </ItemGroup>
  <ItemGroup>
    <Text Include="externals\imgui\LICENSE.txt" />
  </ItemGroup>
</Project>